// !$*UTF8*$!
{
	archiveVersion = 1;
	classes = {
	};
	objectVersion = 46;
	objects = {

/* Begin PBXBuildFile section */
		1A38D8B91D87646000227A06 /* SquarePieProgressView.swift in Sources */ = {isa = PBXBuildFile; fileRef = 1A38D8B81D87646000227A06 /* SquarePieProgressView.swift */; };
		1A38D8C01D87646D00227A06 /* MainMenu.swift in Sources */ = {isa = PBXBuildFile; fileRef = 1A38D8BA1D87646D00227A06 /* MainMenu.swift */; };
		1A38D8C11D87646D00227A06 /* MenuBaseCell.swift in Sources */ = {isa = PBXBuildFile; fileRef = 1A38D8BB1D87646D00227A06 /* MenuBaseCell.swift */; };
		1A38D8C21D87646D00227A06 /* MenuBoardCell.swift in Sources */ = {isa = PBXBuildFile; fileRef = 1A38D8BC1D87646D00227A06 /* MenuBoardCell.swift */; };
		1A38D8C31D87646D00227A06 /* MenuButtonCell.swift in Sources */ = {isa = PBXBuildFile; fileRef = 1A38D8BD1D87646D00227A06 /* MenuButtonCell.swift */; };
		1A38D8C41D87646D00227A06 /* MenuLeftRightOptionCell.swift in Sources */ = {isa = PBXBuildFile; fileRef = 1A38D8BE1D87646D00227A06 /* MenuLeftRightOptionCell.swift */; };
		1A38D8C51D87646D00227A06 /* MenuTitleCell.swift in Sources */ = {isa = PBXBuildFile; fileRef = 1A38D8BF1D87646D00227A06 /* MenuTitleCell.swift */; };
		1A38D8CA1D87647E00227A06 /* PieceNode.swift in Sources */ = {isa = PBXBuildFile; fileRef = 1A38D8C61D87647E00227A06 /* PieceNode.swift */; };
		1A38D8CB1D87647E00227A06 /* PipeNode.swift in Sources */ = {isa = PBXBuildFile; fileRef = 1A38D8C71D87647E00227A06 /* PipeNode.swift */; };
		1A38D8DD1D8764A500227A06 /* Dodecagon.swift in Sources */ = {isa = PBXBuildFile; fileRef = 1A38D8D01D8764A500227A06 /* Dodecagon.swift */; };
		1A38D8DE1D8764A500227A06 /* Hexagon.swift in Sources */ = {isa = PBXBuildFile; fileRef = 1A38D8D11D8764A500227A06 /* Hexagon.swift */; };
		1A38D8DF1D8764A500227A06 /* Hexagon30.swift in Sources */ = {isa = PBXBuildFile; fileRef = 1A38D8D21D8764A500227A06 /* Hexagon30.swift */; };
		1A38D8E01D8764A500227A06 /* Octagon.swift in Sources */ = {isa = PBXBuildFile; fileRef = 1A38D8D31D8764A500227A06 /* Octagon.swift */; };
		1A38D8E11D8764A500227A06 /* Shape.swift in Sources */ = {isa = PBXBuildFile; fileRef = 1A38D8D41D8764A500227A06 /* Shape.swift */; };
		1A38D8E21D8764A500227A06 /* Square.swift in Sources */ = {isa = PBXBuildFile; fileRef = 1A38D8D51D8764A500227A06 /* Square.swift */; };
		1A38D8E31D8764A500227A06 /* Square30.swift in Sources */ = {isa = PBXBuildFile; fileRef = 1A38D8D61D8764A500227A06 /* Square30.swift */; };
		1A38D8E41D8764A500227A06 /* Square45.swift in Sources */ = {isa = PBXBuildFile; fileRef = 1A38D8D71D8764A500227A06 /* Square45.swift */; };
		1A38D8E51D8764A500227A06 /* SquareN30.swift in Sources */ = {isa = PBXBuildFile; fileRef = 1A38D8D81D8764A500227A06 /* SquareN30.swift */; };
		1A38D8E61D8764A500227A06 /* TriangleDown.swift in Sources */ = {isa = PBXBuildFile; fileRef = 1A38D8D91D8764A500227A06 /* TriangleDown.swift */; };
		1A38D8E71D8764A500227A06 /* TriangleLeft.swift in Sources */ = {isa = PBXBuildFile; fileRef = 1A38D8DA1D8764A500227A06 /* TriangleLeft.swift */; };
		1A38D8E81D8764A500227A06 /* TriangleRight.swift in Sources */ = {isa = PBXBuildFile; fileRef = 1A38D8DB1D8764A500227A06 /* TriangleRight.swift */; };
		1A38D8E91D8764A500227A06 /* TriangleUp.swift in Sources */ = {isa = PBXBuildFile; fileRef = 1A38D8DC1D8764A500227A06 /* TriangleUp.swift */; };
		1A38D8F31D8764AC00227A06 /* AbstractGameBoardScene.swift in Sources */ = {isa = PBXBuildFile; fileRef = 1A38D8EA1D8764AC00227A06 /* AbstractGameBoardScene.swift */; };
		1A38D8F41D8764AC00227A06 /* DodecagonHexagonSquareScene.swift in Sources */ = {isa = PBXBuildFile; fileRef = 1A38D8EB1D8764AC00227A06 /* DodecagonHexagonSquareScene.swift */; };
		1A38D8F51D8764AC00227A06 /* HexagonScene.swift in Sources */ = {isa = PBXBuildFile; fileRef = 1A38D8EC1D8764AC00227A06 /* HexagonScene.swift */; };
		1A38D8F61D8764AC00227A06 /* HexagonSquareTriangleScene.swift in Sources */ = {isa = PBXBuildFile; fileRef = 1A38D8ED1D8764AC00227A06 /* HexagonSquareTriangleScene.swift */; };
		1A38D8F71D8764AC00227A06 /* HexagonTriangleScene.swift in Sources */ = {isa = PBXBuildFile; fileRef = 1A38D8EE1D8764AC00227A06 /* HexagonTriangleScene.swift */; };
		1A38D8F81D8764AC00227A06 /* OctagonSquareScene.swift in Sources */ = {isa = PBXBuildFile; fileRef = 1A38D8EF1D8764AC00227A06 /* OctagonSquareScene.swift */; };
		1A38D8F91D8764AC00227A06 /* SquareScene.swift in Sources */ = {isa = PBXBuildFile; fileRef = 1A38D8F01D8764AC00227A06 /* SquareScene.swift */; };
		1A38D8FA1D8764AC00227A06 /* SquareTriangleScene.swift in Sources */ = {isa = PBXBuildFile; fileRef = 1A38D8F11D8764AC00227A06 /* SquareTriangleScene.swift */; };
		1A38D8FB1D8764AC00227A06 /* TriangleScene.swift in Sources */ = {isa = PBXBuildFile; fileRef = 1A38D8F21D8764AC00227A06 /* TriangleScene.swift */; };
		1A38D8FF1D8764B700227A06 /* Palettes.plist in Resources */ = {isa = PBXBuildFile; fileRef = 1A38D8FC1D8764B700227A06 /* Palettes.plist */; };
		1A38D9001D8764B700227A06 /* Palettes.v1.plist in Resources */ = {isa = PBXBuildFile; fileRef = 1A38D8FD1D8764B700227A06 /* Palettes.v1.plist */; };
		1A38D9011D8764B700227A06 /* Singleton.swift in Sources */ = {isa = PBXBuildFile; fileRef = 1A38D8FE1D8764B700227A06 /* Singleton.swift */; };
		1A82DE461D1CC43B0008224D /* AppDelegate.swift in Sources */ = {isa = PBXBuildFile; fileRef = 1A82DE451D1CC43B0008224D /* AppDelegate.swift */; };
		1A82DE481D1CC43B0008224D /* ViewController.swift in Sources */ = {isa = PBXBuildFile; fileRef = 1A82DE471D1CC43B0008224D /* ViewController.swift */; };
		1A82DE4B1D1CC43B0008224D /* Main.storyboard in Resources */ = {isa = PBXBuildFile; fileRef = 1A82DE491D1CC43B0008224D /* Main.storyboard */; };
		1A82DE4D1D1CC43B0008224D /* Assets.xcassets in Resources */ = {isa = PBXBuildFile; fileRef = 1A82DE4C1D1CC43B0008224D /* Assets.xcassets */; };
		1A82DE501D1CC43B0008224D /* LaunchScreen.storyboard in Resources */ = {isa = PBXBuildFile; fileRef = 1A82DE4E1D1CC43B0008224D /* LaunchScreen.storyboard */; };
		1A82DE5B1D1CC43B0008224D /* TessellationsTests.swift in Sources */ = {isa = PBXBuildFile; fileRef = 1A82DE5A1D1CC43B0008224D /* TessellationsTests.swift */; };
		1A82DE661D1CC43B0008224D /* TessellationsUITests.swift in Sources */ = {isa = PBXBuildFile; fileRef = 1A82DE651D1CC43B0008224D /* TessellationsUITests.swift */; };
		1A82DE7D1D1CC5600008224D /* Utils.swift in Sources */ = {isa = PBXBuildFile; fileRef = 1A82DE7C1D1CC5600008224D /* Utils.swift */; };
		1A8B38F81D6EA07900A75469 /* Globals.swift in Sources */ = {isa = PBXBuildFile; fileRef = 1A8B38F71D6EA07900A75469 /* Globals.swift */; };
		1A8B38FD1D72B73400A75469 /* SquareTriangleBoard.swift in Sources */ = {isa = PBXBuildFile; fileRef = 1A8B38FC1D72B73300A75469 /* SquareTriangleBoard.swift */; };
		1AA129E91D6411CF00146731 /* AbstractGameBoard.swift in Sources */ = {isa = PBXBuildFile; fileRef = 1AA129E11D6411CF00146731 /* AbstractGameBoard.swift */; };
		1AA129EA1D6411CF00146731 /* DodecagonHexagonSquareBoard.swift in Sources */ = {isa = PBXBuildFile; fileRef = 1AA129E21D6411CF00146731 /* DodecagonHexagonSquareBoard.swift */; };
		1AA129EB1D6411CF00146731 /* HexagonBoard.swift in Sources */ = {isa = PBXBuildFile; fileRef = 1AA129E31D6411CF00146731 /* HexagonBoard.swift */; };
		1AA129EC1D6411CF00146731 /* HexagonTriangleBoard.swift in Sources */ = {isa = PBXBuildFile; fileRef = 1AA129E41D6411CF00146731 /* HexagonTriangleBoard.swift */; };
		1AA129ED1D6411CF00146731 /* OctagonSquareBoard.swift in Sources */ = {isa = PBXBuildFile; fileRef = 1AA129E51D6411CF00146731 /* OctagonSquareBoard.swift */; };
		1AA129EE1D6411CF00146731 /* SquareBoard.swift in Sources */ = {isa = PBXBuildFile; fileRef = 1AA129E61D6411CF00146731 /* SquareBoard.swift */; };
		1AA129EF1D6411CF00146731 /* SquareTriangleCrazyBoard.swift in Sources */ = {isa = PBXBuildFile; fileRef = 1AA129E71D6411CF00146731 /* SquareTriangleCrazyBoard.swift */; };
		1AA129F01D6411CF00146731 /* TriangleBoard.swift in Sources */ = {isa = PBXBuildFile; fileRef = 1AA129E81D6411CF00146731 /* TriangleBoard.swift */; };
		1AA129FA1D658A6400146731 /* HexagonSquareTriangleBoard.swift in Sources */ = {isa = PBXBuildFile; fileRef = 1AA129F91D658A6300146731 /* HexagonSquareTriangleBoard.swift */; };
/* End PBXBuildFile section */

/* Begin PBXContainerItemProxy section */
		1A82DE571D1CC43B0008224D /* PBXContainerItemProxy */ = {
			isa = PBXContainerItemProxy;
			containerPortal = 1A82DE3A1D1CC43B0008224D /* Project object */;
			proxyType = 1;
			remoteGlobalIDString = 1A82DE411D1CC43B0008224D;
			remoteInfo = Tessellations;
		};
		1A82DE621D1CC43B0008224D /* PBXContainerItemProxy */ = {
			isa = PBXContainerItemProxy;
			containerPortal = 1A82DE3A1D1CC43B0008224D /* Project object */;
			proxyType = 1;
			remoteGlobalIDString = 1A82DE411D1CC43B0008224D;
			remoteInfo = Tessellations;
		};
/* End PBXContainerItemProxy section */

/* Begin PBXFileReference section */
		1A38D8B81D87646000227A06 /* SquarePieProgressView.swift */ = {isa = PBXFileReference; fileEncoding = 4; lastKnownFileType = sourcecode.swift; name = SquarePieProgressView.swift; path = Utils/SquarePieProgressView.swift; sourceTree = "<group>"; };
		1A38D8BA1D87646D00227A06 /* MainMenu.swift */ = {isa = PBXFileReference; fileEncoding = 4; lastKnownFileType = sourcecode.swift; name = MainMenu.swift; path = Menu/MainMenu.swift; sourceTree = "<group>"; };
		1A38D8BB1D87646D00227A06 /* MenuBaseCell.swift */ = {isa = PBXFileReference; fileEncoding = 4; lastKnownFileType = sourcecode.swift; name = MenuBaseCell.swift; path = Menu/MenuBaseCell.swift; sourceTree = "<group>"; };
		1A38D8BC1D87646D00227A06 /* MenuBoardCell.swift */ = {isa = PBXFileReference; fileEncoding = 4; lastKnownFileType = sourcecode.swift; name = MenuBoardCell.swift; path = Menu/MenuBoardCell.swift; sourceTree = "<group>"; };
		1A38D8BD1D87646D00227A06 /* MenuButtonCell.swift */ = {isa = PBXFileReference; fileEncoding = 4; lastKnownFileType = sourcecode.swift; name = MenuButtonCell.swift; path = Menu/MenuButtonCell.swift; sourceTree = "<group>"; };
		1A38D8BE1D87646D00227A06 /* MenuLeftRightOptionCell.swift */ = {isa = PBXFileReference; fileEncoding = 4; lastKnownFileType = sourcecode.swift; name = MenuLeftRightOptionCell.swift; path = Menu/MenuLeftRightOptionCell.swift; sourceTree = "<group>"; };
		1A38D8BF1D87646D00227A06 /* MenuTitleCell.swift */ = {isa = PBXFileReference; fileEncoding = 4; lastKnownFileType = sourcecode.swift; name = MenuTitleCell.swift; path = Menu/MenuTitleCell.swift; sourceTree = "<group>"; };
		1A38D8C61D87647E00227A06 /* PieceNode.swift */ = {isa = PBXFileReference; fileEncoding = 4; lastKnownFileType = sourcecode.swift; name = PieceNode.swift; path = SpriteKit/PieceNode.swift; sourceTree = "<group>"; };
		1A38D8C71D87647E00227A06 /* PipeNode.swift */ = {isa = PBXFileReference; fileEncoding = 4; lastKnownFileType = sourcecode.swift; name = PipeNode.swift; path = SpriteKit/PipeNode.swift; sourceTree = "<group>"; };
		1A38D8D01D8764A500227A06 /* Dodecagon.swift */ = {isa = PBXFileReference; fileEncoding = 4; lastKnownFileType = sourcecode.swift; name = Dodecagon.swift; path = SpriteKit/Shapes/Dodecagon.swift; sourceTree = "<group>"; };
		1A38D8D11D8764A500227A06 /* Hexagon.swift */ = {isa = PBXFileReference; fileEncoding = 4; lastKnownFileType = sourcecode.swift; name = Hexagon.swift; path = SpriteKit/Shapes/Hexagon.swift; sourceTree = "<group>"; };
		1A38D8D21D8764A500227A06 /* Hexagon30.swift */ = {isa = PBXFileReference; fileEncoding = 4; lastKnownFileType = sourcecode.swift; name = Hexagon30.swift; path = SpriteKit/Shapes/Hexagon30.swift; sourceTree = "<group>"; };
		1A38D8D31D8764A500227A06 /* Octagon.swift */ = {isa = PBXFileReference; fileEncoding = 4; lastKnownFileType = sourcecode.swift; name = Octagon.swift; path = SpriteKit/Shapes/Octagon.swift; sourceTree = "<group>"; };
		1A38D8D41D8764A500227A06 /* Shape.swift */ = {isa = PBXFileReference; fileEncoding = 4; lastKnownFileType = sourcecode.swift; name = Shape.swift; path = SpriteKit/Shapes/Shape.swift; sourceTree = "<group>"; };
		1A38D8D51D8764A500227A06 /* Square.swift */ = {isa = PBXFileReference; fileEncoding = 4; lastKnownFileType = sourcecode.swift; name = Square.swift; path = SpriteKit/Shapes/Square.swift; sourceTree = "<group>"; };
		1A38D8D61D8764A500227A06 /* Square30.swift */ = {isa = PBXFileReference; fileEncoding = 4; lastKnownFileType = sourcecode.swift; name = Square30.swift; path = SpriteKit/Shapes/Square30.swift; sourceTree = "<group>"; };
		1A38D8D71D8764A500227A06 /* Square45.swift */ = {isa = PBXFileReference; fileEncoding = 4; lastKnownFileType = sourcecode.swift; name = Square45.swift; path = SpriteKit/Shapes/Square45.swift; sourceTree = "<group>"; };
		1A38D8D81D8764A500227A06 /* SquareN30.swift */ = {isa = PBXFileReference; fileEncoding = 4; lastKnownFileType = sourcecode.swift; name = SquareN30.swift; path = SpriteKit/Shapes/SquareN30.swift; sourceTree = "<group>"; };
		1A38D8D91D8764A500227A06 /* TriangleDown.swift */ = {isa = PBXFileReference; fileEncoding = 4; lastKnownFileType = sourcecode.swift; name = TriangleDown.swift; path = SpriteKit/Shapes/TriangleDown.swift; sourceTree = "<group>"; };
		1A38D8DA1D8764A500227A06 /* TriangleLeft.swift */ = {isa = PBXFileReference; fileEncoding = 4; lastKnownFileType = sourcecode.swift; name = TriangleLeft.swift; path = SpriteKit/Shapes/TriangleLeft.swift; sourceTree = "<group>"; };
		1A38D8DB1D8764A500227A06 /* TriangleRight.swift */ = {isa = PBXFileReference; fileEncoding = 4; lastKnownFileType = sourcecode.swift; name = TriangleRight.swift; path = SpriteKit/Shapes/TriangleRight.swift; sourceTree = "<group>"; };
		1A38D8DC1D8764A500227A06 /* TriangleUp.swift */ = {isa = PBXFileReference; fileEncoding = 4; lastKnownFileType = sourcecode.swift; name = TriangleUp.swift; path = SpriteKit/Shapes/TriangleUp.swift; sourceTree = "<group>"; };
		1A38D8EA1D8764AC00227A06 /* AbstractGameBoardScene.swift */ = {isa = PBXFileReference; fileEncoding = 4; lastKnownFileType = sourcecode.swift; name = AbstractGameBoardScene.swift; path = SpriteKit/Scenes/AbstractGameBoardScene.swift; sourceTree = "<group>"; };
		1A38D8EB1D8764AC00227A06 /* DodecagonHexagonSquareScene.swift */ = {isa = PBXFileReference; fileEncoding = 4; lastKnownFileType = sourcecode.swift; name = DodecagonHexagonSquareScene.swift; path = SpriteKit/Scenes/DodecagonHexagonSquareScene.swift; sourceTree = "<group>"; };
		1A38D8EC1D8764AC00227A06 /* HexagonScene.swift */ = {isa = PBXFileReference; fileEncoding = 4; lastKnownFileType = sourcecode.swift; name = HexagonScene.swift; path = SpriteKit/Scenes/HexagonScene.swift; sourceTree = "<group>"; };
		1A38D8ED1D8764AC00227A06 /* HexagonSquareTriangleScene.swift */ = {isa = PBXFileReference; fileEncoding = 4; lastKnownFileType = sourcecode.swift; name = HexagonSquareTriangleScene.swift; path = SpriteKit/Scenes/HexagonSquareTriangleScene.swift; sourceTree = "<group>"; };
		1A38D8EE1D8764AC00227A06 /* HexagonTriangleScene.swift */ = {isa = PBXFileReference; fileEncoding = 4; lastKnownFileType = sourcecode.swift; name = HexagonTriangleScene.swift; path = SpriteKit/Scenes/HexagonTriangleScene.swift; sourceTree = "<group>"; };
		1A38D8EF1D8764AC00227A06 /* OctagonSquareScene.swift */ = {isa = PBXFileReference; fileEncoding = 4; lastKnownFileType = sourcecode.swift; name = OctagonSquareScene.swift; path = SpriteKit/Scenes/OctagonSquareScene.swift; sourceTree = "<group>"; };
		1A38D8F01D8764AC00227A06 /* SquareScene.swift */ = {isa = PBXFileReference; fileEncoding = 4; lastKnownFileType = sourcecode.swift; name = SquareScene.swift; path = SpriteKit/Scenes/SquareScene.swift; sourceTree = "<group>"; };
		1A38D8F11D8764AC00227A06 /* SquareTriangleScene.swift */ = {isa = PBXFileReference; fileEncoding = 4; lastKnownFileType = sourcecode.swift; name = SquareTriangleScene.swift; path = SpriteKit/Scenes/SquareTriangleScene.swift; sourceTree = "<group>"; };
		1A38D8F21D8764AC00227A06 /* TriangleScene.swift */ = {isa = PBXFileReference; fileEncoding = 4; lastKnownFileType = sourcecode.swift; name = TriangleScene.swift; path = SpriteKit/Scenes/TriangleScene.swift; sourceTree = "<group>"; };
		1A38D8FC1D8764B700227A06 /* Palettes.plist */ = {isa = PBXFileReference; fileEncoding = 4; lastKnownFileType = text.plist.xml; name = Palettes.plist; path = Singleton/Palettes.plist; sourceTree = "<group>"; };
		1A38D8FD1D8764B700227A06 /* Palettes.v1.plist */ = {isa = PBXFileReference; fileEncoding = 4; lastKnownFileType = text.plist.xml; name = Palettes.v1.plist; path = Singleton/Palettes.v1.plist; sourceTree = "<group>"; };
		1A38D8FE1D8764B700227A06 /* Singleton.swift */ = {isa = PBXFileReference; fileEncoding = 4; lastKnownFileType = sourcecode.swift; name = Singleton.swift; path = Singleton/Singleton.swift; sourceTree = "<group>"; };
		1A82DE421D1CC43B0008224D /* Tessellations.app */ = {isa = PBXFileReference; explicitFileType = wrapper.application; includeInIndex = 0; path = Tessellations.app; sourceTree = BUILT_PRODUCTS_DIR; };
		1A82DE451D1CC43B0008224D /* AppDelegate.swift */ = {isa = PBXFileReference; lastKnownFileType = sourcecode.swift; path = AppDelegate.swift; sourceTree = "<group>"; };
		1A82DE471D1CC43B0008224D /* ViewController.swift */ = {isa = PBXFileReference; lastKnownFileType = sourcecode.swift; path = ViewController.swift; sourceTree = "<group>"; };
		1A82DE4A1D1CC43B0008224D /* Base */ = {isa = PBXFileReference; lastKnownFileType = file.storyboard; name = Base; path = Base.lproj/Main.storyboard; sourceTree = "<group>"; };
		1A82DE4C1D1CC43B0008224D /* Assets.xcassets */ = {isa = PBXFileReference; lastKnownFileType = folder.assetcatalog; path = Assets.xcassets; sourceTree = "<group>"; };
		1A82DE4F1D1CC43B0008224D /* Base */ = {isa = PBXFileReference; lastKnownFileType = file.storyboard; name = Base; path = Base.lproj/LaunchScreen.storyboard; sourceTree = "<group>"; };
		1A82DE511D1CC43B0008224D /* Info.plist */ = {isa = PBXFileReference; lastKnownFileType = text.plist.xml; path = Info.plist; sourceTree = "<group>"; };
		1A82DE561D1CC43B0008224D /* TessellationsTests.xctest */ = {isa = PBXFileReference; explicitFileType = wrapper.cfbundle; includeInIndex = 0; path = TessellationsTests.xctest; sourceTree = BUILT_PRODUCTS_DIR; };
		1A82DE5A1D1CC43B0008224D /* TessellationsTests.swift */ = {isa = PBXFileReference; lastKnownFileType = sourcecode.swift; path = TessellationsTests.swift; sourceTree = "<group>"; };
		1A82DE5C1D1CC43B0008224D /* Info.plist */ = {isa = PBXFileReference; lastKnownFileType = text.plist.xml; path = Info.plist; sourceTree = "<group>"; };
		1A82DE611D1CC43B0008224D /* TessellationsUITests.xctest */ = {isa = PBXFileReference; explicitFileType = wrapper.cfbundle; includeInIndex = 0; path = TessellationsUITests.xctest; sourceTree = BUILT_PRODUCTS_DIR; };
		1A82DE651D1CC43B0008224D /* TessellationsUITests.swift */ = {isa = PBXFileReference; lastKnownFileType = sourcecode.swift; path = TessellationsUITests.swift; sourceTree = "<group>"; };
		1A82DE671D1CC43B0008224D /* Info.plist */ = {isa = PBXFileReference; lastKnownFileType = text.plist.xml; path = Info.plist; sourceTree = "<group>"; };
		1A82DE7C1D1CC5600008224D /* Utils.swift */ = {isa = PBXFileReference; fileEncoding = 4; lastKnownFileType = sourcecode.swift; name = Utils.swift; path = Utils/Utils.swift; sourceTree = "<group>"; };
		1A8B38F71D6EA07900A75469 /* Globals.swift */ = {isa = PBXFileReference; fileEncoding = 4; lastKnownFileType = sourcecode.swift; name = Globals.swift; path = Utils/Globals.swift; sourceTree = "<group>"; };
		1A8B38FC1D72B73300A75469 /* SquareTriangleBoard.swift */ = {isa = PBXFileReference; fileEncoding = 4; lastKnownFileType = sourcecode.swift; name = SquareTriangleBoard.swift; path = Boards/SquareTriangleBoard.swift; sourceTree = "<group>"; };
		1AA129E11D6411CF00146731 /* AbstractGameBoard.swift */ = {isa = PBXFileReference; fileEncoding = 4; lastKnownFileType = sourcecode.swift; name = AbstractGameBoard.swift; path = Boards/AbstractGameBoard.swift; sourceTree = "<group>"; };
		1AA129E21D6411CF00146731 /* DodecagonHexagonSquareBoard.swift */ = {isa = PBXFileReference; fileEncoding = 4; lastKnownFileType = sourcecode.swift; name = DodecagonHexagonSquareBoard.swift; path = Boards/DodecagonHexagonSquareBoard.swift; sourceTree = "<group>"; };
		1AA129E31D6411CF00146731 /* HexagonBoard.swift */ = {isa = PBXFileReference; fileEncoding = 4; lastKnownFileType = sourcecode.swift; name = HexagonBoard.swift; path = Boards/HexagonBoard.swift; sourceTree = "<group>"; };
		1AA129E41D6411CF00146731 /* HexagonTriangleBoard.swift */ = {isa = PBXFileReference; fileEncoding = 4; lastKnownFileType = sourcecode.swift; name = HexagonTriangleBoard.swift; path = Boards/HexagonTriangleBoard.swift; sourceTree = "<group>"; };
		1AA129E51D6411CF00146731 /* OctagonSquareBoard.swift */ = {isa = PBXFileReference; fileEncoding = 4; lastKnownFileType = sourcecode.swift; name = OctagonSquareBoard.swift; path = Boards/OctagonSquareBoard.swift; sourceTree = "<group>"; };
		1AA129E61D6411CF00146731 /* SquareBoard.swift */ = {isa = PBXFileReference; fileEncoding = 4; lastKnownFileType = sourcecode.swift; name = SquareBoard.swift; path = Boards/SquareBoard.swift; sourceTree = "<group>"; };
		1AA129E71D6411CF00146731 /* SquareTriangleCrazyBoard.swift */ = {isa = PBXFileReference; fileEncoding = 4; lastKnownFileType = sourcecode.swift; name = SquareTriangleCrazyBoard.swift; path = Boards/SquareTriangleCrazyBoard.swift; sourceTree = "<group>"; };
		1AA129E81D6411CF00146731 /* TriangleBoard.swift */ = {isa = PBXFileReference; fileEncoding = 4; lastKnownFileType = sourcecode.swift; name = TriangleBoard.swift; path = Boards/TriangleBoard.swift; sourceTree = "<group>"; };
		1AA129F91D658A6300146731 /* HexagonSquareTriangleBoard.swift */ = {isa = PBXFileReference; fileEncoding = 4; lastKnownFileType = sourcecode.swift; name = HexagonSquareTriangleBoard.swift; path = Boards/HexagonSquareTriangleBoard.swift; sourceTree = "<group>"; };
/* End PBXFileReference section */

/* Begin PBXFrameworksBuildPhase section */
		1A82DE3F1D1CC43B0008224D /* Frameworks */ = {
			isa = PBXFrameworksBuildPhase;
			buildActionMask = 2147483647;
			files = (
			);
			runOnlyForDeploymentPostprocessing = 0;
		};
		1A82DE531D1CC43B0008224D /* Frameworks */ = {
			isa = PBXFrameworksBuildPhase;
			buildActionMask = 2147483647;
			files = (
			);
			runOnlyForDeploymentPostprocessing = 0;
		};
		1A82DE5E1D1CC43B0008224D /* Frameworks */ = {
			isa = PBXFrameworksBuildPhase;
			buildActionMask = 2147483647;
			files = (
			);
			runOnlyForDeploymentPostprocessing = 0;
		};
/* End PBXFrameworksBuildPhase section */

/* Begin PBXGroup section */
		1A2710541D73DBB9000F779A /* Singleton */ = {
			isa = PBXGroup;
			children = (
				1A38D8FC1D8764B700227A06 /* Palettes.plist */,
				1A38D8FD1D8764B700227A06 /* Palettes.v1.plist */,
				1A38D8FE1D8764B700227A06 /* Singleton.swift */,
			);
			name = Singleton;
			sourceTree = "<group>";
		};
		1A38D8CE1D87648600227A06 /* Scenes */ = {
			isa = PBXGroup;
			children = (
				1A38D8EA1D8764AC00227A06 /* AbstractGameBoardScene.swift */,
				1A38D8EB1D8764AC00227A06 /* DodecagonHexagonSquareScene.swift */,
				1A38D8EC1D8764AC00227A06 /* HexagonScene.swift */,
				1A38D8ED1D8764AC00227A06 /* HexagonSquareTriangleScene.swift */,
				1A38D8EE1D8764AC00227A06 /* HexagonTriangleScene.swift */,
				1A38D8EF1D8764AC00227A06 /* OctagonSquareScene.swift */,
				1A38D8F01D8764AC00227A06 /* SquareScene.swift */,
				1A38D8F11D8764AC00227A06 /* SquareTriangleScene.swift */,
				1A38D8F21D8764AC00227A06 /* TriangleScene.swift */,
			);
			name = Scenes;
			sourceTree = "<group>";
		};
		1A38D8CF1D87649D00227A06 /* Shapes */ = {
			isa = PBXGroup;
			children = (
				1A38D8D01D8764A500227A06 /* Dodecagon.swift */,
				1A38D8D11D8764A500227A06 /* Hexagon.swift */,
				1A38D8D21D8764A500227A06 /* Hexagon30.swift */,
				1A38D8D31D8764A500227A06 /* Octagon.swift */,
				1A38D8D41D8764A500227A06 /* Shape.swift */,
				1A38D8D51D8764A500227A06 /* Square.swift */,
				1A38D8D61D8764A500227A06 /* Square30.swift */,
				1A38D8D71D8764A500227A06 /* Square45.swift */,
				1A38D8D81D8764A500227A06 /* SquareN30.swift */,
				1A38D8D91D8764A500227A06 /* TriangleDown.swift */,
				1A38D8DA1D8764A500227A06 /* TriangleLeft.swift */,
				1A38D8DB1D8764A500227A06 /* TriangleRight.swift */,
				1A38D8DC1D8764A500227A06 /* TriangleUp.swift */,
			);
			name = Shapes;
			sourceTree = "<group>";
		};
		1A82DE391D1CC43B0008224D = {
			isa = PBXGroup;
			children = (
				1A82DE441D1CC43B0008224D /* Tessellations */,
				1A82DE591D1CC43B0008224D /* TessellationsTests */,
				1A82DE641D1CC43B0008224D /* TessellationsUITests */,
				1A82DE431D1CC43B0008224D /* Products */,
			);
			sourceTree = "<group>";
		};
		1A82DE431D1CC43B0008224D /* Products */ = {
			isa = PBXGroup;
			children = (
				1A82DE421D1CC43B0008224D /* Tessellations.app */,
				1A82DE561D1CC43B0008224D /* TessellationsTests.xctest */,
				1A82DE611D1CC43B0008224D /* TessellationsUITests.xctest */,
			);
			name = Products;
			sourceTree = "<group>";
		};
		1A82DE441D1CC43B0008224D /* Tessellations */ = {
			isa = PBXGroup;
			children = (
				1A2710541D73DBB9000F779A /* Singleton */,
				1A8B38F91D7103DF00A75469 /* SpriteKit */,
				1AE82DAF1D3FF28600F8166F /* Boards */,
				1A82DE751D1CC4CB0008224D /* Utils */,
				1A8B38F31D6A4EDC00A75469 /* Menu */,
				1A82DE451D1CC43B0008224D /* AppDelegate.swift */,
				1A82DE471D1CC43B0008224D /* ViewController.swift */,
				1A82DE491D1CC43B0008224D /* Main.storyboard */,
				1A82DE4C1D1CC43B0008224D /* Assets.xcassets */,
				1A82DE4E1D1CC43B0008224D /* LaunchScreen.storyboard */,
				1A82DE511D1CC43B0008224D /* Info.plist */,
			);
			path = Tessellations;
			sourceTree = "<group>";
		};
		1A82DE591D1CC43B0008224D /* TessellationsTests */ = {
			isa = PBXGroup;
			children = (
				1A82DE5A1D1CC43B0008224D /* TessellationsTests.swift */,
				1A82DE5C1D1CC43B0008224D /* Info.plist */,
			);
			path = TessellationsTests;
			sourceTree = "<group>";
		};
		1A82DE641D1CC43B0008224D /* TessellationsUITests */ = {
			isa = PBXGroup;
			children = (
				1A82DE651D1CC43B0008224D /* TessellationsUITests.swift */,
				1A82DE671D1CC43B0008224D /* Info.plist */,
			);
			path = TessellationsUITests;
			sourceTree = "<group>";
		};
		1A82DE751D1CC4CB0008224D /* Utils */ = {
			isa = PBXGroup;
			children = (
				1A82DE7C1D1CC5600008224D /* Utils.swift */,
				1A8B38F71D6EA07900A75469 /* Globals.swift */,
				1A38D8B81D87646000227A06 /* SquarePieProgressView.swift */,
			);
			name = Utils;
			sourceTree = "<group>";
		};
		1A8B38F31D6A4EDC00A75469 /* Menu */ = {
			isa = PBXGroup;
			children = (
				1A38D8BA1D87646D00227A06 /* MainMenu.swift */,
				1A38D8BB1D87646D00227A06 /* MenuBaseCell.swift */,
				1A38D8BC1D87646D00227A06 /* MenuBoardCell.swift */,
				1A38D8BD1D87646D00227A06 /* MenuButtonCell.swift */,
				1A38D8BE1D87646D00227A06 /* MenuLeftRightOptionCell.swift */,
				1A38D8BF1D87646D00227A06 /* MenuTitleCell.swift */,
			);
			name = Menu;
			sourceTree = "<group>";
		};
		1A8B38F91D7103DF00A75469 /* SpriteKit */ = {
			isa = PBXGroup;
			children = (
				1A38D8CF1D87649D00227A06 /* Shapes */,
				1A38D8CE1D87648600227A06 /* Scenes */,
				1A38D8C61D87647E00227A06 /* PieceNode.swift */,
				1A38D8C71D87647E00227A06 /* PipeNode.swift */,
			);
			name = SpriteKit;
			sourceTree = "<group>";
		};
		1AE82DAF1D3FF28600F8166F /* Boards */ = {
			isa = PBXGroup;
			children = (
				1AA129E11D6411CF00146731 /* AbstractGameBoard.swift */,
				1AA129E51D6411CF00146731 /* OctagonSquareBoard.swift */,
				1AA129E31D6411CF00146731 /* HexagonBoard.swift */,
				1AA129E61D6411CF00146731 /* SquareBoard.swift */,
				1AA129E71D6411CF00146731 /* SquareTriangleCrazyBoard.swift */,
				1A8B38FC1D72B73300A75469 /* SquareTriangleBoard.swift */,
				1AA129E81D6411CF00146731 /* TriangleBoard.swift */,
				1AA129E41D6411CF00146731 /* HexagonTriangleBoard.swift */,
				1AA129E21D6411CF00146731 /* DodecagonHexagonSquareBoard.swift */,
				1AA129F91D658A6300146731 /* HexagonSquareTriangleBoard.swift */,
			);
			name = Boards;
			sourceTree = "<group>";
		};
/* End PBXGroup section */

/* Begin PBXNativeTarget section */
		1A82DE411D1CC43B0008224D /* Tessellations */ = {
			isa = PBXNativeTarget;
			buildConfigurationList = 1A82DE6A1D1CC43B0008224D /* Build configuration list for PBXNativeTarget "Tessellations" */;
			buildPhases = (
				1A82DE3E1D1CC43B0008224D /* Sources */,
				1A82DE3F1D1CC43B0008224D /* Frameworks */,
				1A82DE401D1CC43B0008224D /* Resources */,
			);
			buildRules = (
			);
			dependencies = (
			);
			name = Tessellations;
			productName = Tessellations;
			productReference = 1A82DE421D1CC43B0008224D /* Tessellations.app */;
			productType = "com.apple.product-type.application";
		};
		1A82DE551D1CC43B0008224D /* TessellationsTests */ = {
			isa = PBXNativeTarget;
			buildConfigurationList = 1A82DE6D1D1CC43B0008224D /* Build configuration list for PBXNativeTarget "TessellationsTests" */;
			buildPhases = (
				1A82DE521D1CC43B0008224D /* Sources */,
				1A82DE531D1CC43B0008224D /* Frameworks */,
				1A82DE541D1CC43B0008224D /* Resources */,
			);
			buildRules = (
			);
			dependencies = (
				1A82DE581D1CC43B0008224D /* PBXTargetDependency */,
			);
			name = TessellationsTests;
			productName = TessellationsTests;
			productReference = 1A82DE561D1CC43B0008224D /* TessellationsTests.xctest */;
			productType = "com.apple.product-type.bundle.unit-test";
		};
		1A82DE601D1CC43B0008224D /* TessellationsUITests */ = {
			isa = PBXNativeTarget;
			buildConfigurationList = 1A82DE701D1CC43B0008224D /* Build configuration list for PBXNativeTarget "TessellationsUITests" */;
			buildPhases = (
				1A82DE5D1D1CC43B0008224D /* Sources */,
				1A82DE5E1D1CC43B0008224D /* Frameworks */,
				1A82DE5F1D1CC43B0008224D /* Resources */,
			);
			buildRules = (
			);
			dependencies = (
				1A82DE631D1CC43B0008224D /* PBXTargetDependency */,
			);
			name = TessellationsUITests;
			productName = TessellationsUITests;
			productReference = 1A82DE611D1CC43B0008224D /* TessellationsUITests.xctest */;
			productType = "com.apple.product-type.bundle.ui-testing";
		};
/* End PBXNativeTarget section */

/* Begin PBXProject section */
		1A82DE3A1D1CC43B0008224D /* Project object */ = {
			isa = PBXProject;
			attributes = {
				LastSwiftUpdateCheck = 0730;
				LastUpgradeCheck = 0730;
				ORGANIZATIONNAME = "James Linnell";
				TargetAttributes = {
					1A82DE411D1CC43B0008224D = {
						CreatedOnToolsVersion = 7.3.1;
						DevelopmentTeam = 2TJ5K7WSP8;
					};
					1A82DE551D1CC43B0008224D = {
						CreatedOnToolsVersion = 7.3.1;
						TestTargetID = 1A82DE411D1CC43B0008224D;
					};
					1A82DE601D1CC43B0008224D = {
						CreatedOnToolsVersion = 7.3.1;
						TestTargetID = 1A82DE411D1CC43B0008224D;
					};
				};
			};
			buildConfigurationList = 1A82DE3D1D1CC43B0008224D /* Build configuration list for PBXProject "Tessellations" */;
			compatibilityVersion = "Xcode 3.2";
			developmentRegion = English;
			hasScannedForEncodings = 0;
			knownRegions = (
				en,
				Base,
			);
			mainGroup = 1A82DE391D1CC43B0008224D;
			productRefGroup = 1A82DE431D1CC43B0008224D /* Products */;
			projectDirPath = "";
			projectRoot = "";
			targets = (
				1A82DE411D1CC43B0008224D /* Tessellations */,
				1A82DE551D1CC43B0008224D /* TessellationsTests */,
				1A82DE601D1CC43B0008224D /* TessellationsUITests */,
			);
		};
/* End PBXProject section */

/* Begin PBXResourcesBuildPhase section */
		1A82DE401D1CC43B0008224D /* Resources */ = {
			isa = PBXResourcesBuildPhase;
			buildActionMask = 2147483647;
			files = (
				1A82DE501D1CC43B0008224D /* LaunchScreen.storyboard in Resources */,
				1A38D9001D8764B700227A06 /* Palettes.v1.plist in Resources */,
				1A82DE4D1D1CC43B0008224D /* Assets.xcassets in Resources */,
				1A38D8FF1D8764B700227A06 /* Palettes.plist in Resources */,
				1A82DE4B1D1CC43B0008224D /* Main.storyboard in Resources */,
			);
			runOnlyForDeploymentPostprocessing = 0;
		};
		1A82DE541D1CC43B0008224D /* Resources */ = {
			isa = PBXResourcesBuildPhase;
			buildActionMask = 2147483647;
			files = (
			);
			runOnlyForDeploymentPostprocessing = 0;
		};
		1A82DE5F1D1CC43B0008224D /* Resources */ = {
			isa = PBXResourcesBuildPhase;
			buildActionMask = 2147483647;
			files = (
			);
			runOnlyForDeploymentPostprocessing = 0;
		};
/* End PBXResourcesBuildPhase section */

/* Begin PBXSourcesBuildPhase section */
		1A82DE3E1D1CC43B0008224D /* Sources */ = {
			isa = PBXSourcesBuildPhase;
			buildActionMask = 2147483647;
			files = (
				1A38D8E21D8764A500227A06 /* Square.swift in Sources */,
				1A38D8E31D8764A500227A06 /* Square30.swift in Sources */,
				1A38D8E81D8764A500227A06 /* TriangleRight.swift in Sources */,
				1A38D8C31D87646D00227A06 /* MenuButtonCell.swift in Sources */,
				1A38D8E41D8764A500227A06 /* Square45.swift in Sources */,
				1A82DE7D1D1CC5600008224D /* Utils.swift in Sources */,
				1A38D8E01D8764A500227A06 /* Octagon.swift in Sources */,
				1A38D8B91D87646000227A06 /* SquarePieProgressView.swift in Sources */,
				1A38D8DF1D8764A500227A06 /* Hexagon30.swift in Sources */,
				1A38D8E71D8764A500227A06 /* TriangleLeft.swift in Sources */,
				1AA129EC1D6411CF00146731 /* HexagonTriangleBoard.swift in Sources */,
				1A38D8E51D8764A500227A06 /* SquareN30.swift in Sources */,
				1A38D8E11D8764A500227A06 /* Shape.swift in Sources */,
				1A38D8FB1D8764AC00227A06 /* TriangleScene.swift in Sources */,
				1A82DE481D1CC43B0008224D /* ViewController.swift in Sources */,
				1A38D8F71D8764AC00227A06 /* HexagonTriangleScene.swift in Sources */,
				1A38D8F31D8764AC00227A06 /* AbstractGameBoardScene.swift in Sources */,
				1A8B38F81D6EA07900A75469 /* Globals.swift in Sources */,
				1AA129EF1D6411CF00146731 /* SquareTriangleCrazyBoard.swift in Sources */,
				1A38D8F41D8764AC00227A06 /* DodecagonHexagonSquareScene.swift in Sources */,
				1A38D8C01D87646D00227A06 /* MainMenu.swift in Sources */,
				1AA129FA1D658A6400146731 /* HexagonSquareTriangleBoard.swift in Sources */,
				1A38D8C21D87646D00227A06 /* MenuBoardCell.swift in Sources */,
				1A38D8C51D87646D00227A06 /* MenuTitleCell.swift in Sources */,
				1A38D8F81D8764AC00227A06 /* OctagonSquareScene.swift in Sources */,
				1A38D8E91D8764A500227A06 /* TriangleUp.swift in Sources */,
				1A38D8C11D87646D00227A06 /* MenuBaseCell.swift in Sources */,
				1A38D8CB1D87647E00227A06 /* PipeNode.swift in Sources */,
				1AA129EE1D6411CF00146731 /* SquareBoard.swift in Sources */,
				1A38D8F61D8764AC00227A06 /* HexagonSquareTriangleScene.swift in Sources */,
				1A38D8FA1D8764AC00227A06 /* SquareTriangleScene.swift in Sources */,
				1AA129ED1D6411CF00146731 /* OctagonSquareBoard.swift in Sources */,
				1A38D8F91D8764AC00227A06 /* SquareScene.swift in Sources */,
				1AA129E91D6411CF00146731 /* AbstractGameBoard.swift in Sources */,
				1AA129EA1D6411CF00146731 /* DodecagonHexagonSquareBoard.swift in Sources */,
				1A38D8C41D87646D00227A06 /* MenuLeftRightOptionCell.swift in Sources */,
				1A38D8DD1D8764A500227A06 /* Dodecagon.swift in Sources */,
				1A38D9011D8764B700227A06 /* Singleton.swift in Sources */,
				1A38D8DE1D8764A500227A06 /* Hexagon.swift in Sources */,
				1AA129F01D6411CF00146731 /* TriangleBoard.swift in Sources */,
				1A8B38FD1D72B73400A75469 /* SquareTriangleBoard.swift in Sources */,
				1AA129EB1D6411CF00146731 /* HexagonBoard.swift in Sources */,
				1A38D8E61D8764A500227A06 /* TriangleDown.swift in Sources */,
				1A38D8F51D8764AC00227A06 /* HexagonScene.swift in Sources */,
				1A82DE461D1CC43B0008224D /* AppDelegate.swift in Sources */,
				1A38D8CA1D87647E00227A06 /* PieceNode.swift in Sources */,
			);
			runOnlyForDeploymentPostprocessing = 0;
		};
		1A82DE521D1CC43B0008224D /* Sources */ = {
			isa = PBXSourcesBuildPhase;
			buildActionMask = 2147483647;
			files = (
				1A82DE5B1D1CC43B0008224D /* TessellationsTests.swift in Sources */,
			);
			runOnlyForDeploymentPostprocessing = 0;
		};
		1A82DE5D1D1CC43B0008224D /* Sources */ = {
			isa = PBXSourcesBuildPhase;
			buildActionMask = 2147483647;
			files = (
				1A82DE661D1CC43B0008224D /* TessellationsUITests.swift in Sources */,
			);
			runOnlyForDeploymentPostprocessing = 0;
		};
/* End PBXSourcesBuildPhase section */

/* Begin PBXTargetDependency section */
		1A82DE581D1CC43B0008224D /* PBXTargetDependency */ = {
			isa = PBXTargetDependency;
			target = 1A82DE411D1CC43B0008224D /* Tessellations */;
			targetProxy = 1A82DE571D1CC43B0008224D /* PBXContainerItemProxy */;
		};
		1A82DE631D1CC43B0008224D /* PBXTargetDependency */ = {
			isa = PBXTargetDependency;
			target = 1A82DE411D1CC43B0008224D /* Tessellations */;
			targetProxy = 1A82DE621D1CC43B0008224D /* PBXContainerItemProxy */;
		};
/* End PBXTargetDependency section */

/* Begin PBXVariantGroup section */
		1A82DE491D1CC43B0008224D /* Main.storyboard */ = {
			isa = PBXVariantGroup;
			children = (
				1A82DE4A1D1CC43B0008224D /* Base */,
			);
			name = Main.storyboard;
			sourceTree = "<group>";
		};
		1A82DE4E1D1CC43B0008224D /* LaunchScreen.storyboard */ = {
			isa = PBXVariantGroup;
			children = (
				1A82DE4F1D1CC43B0008224D /* Base */,
			);
			name = LaunchScreen.storyboard;
			sourceTree = "<group>";
		};
/* End PBXVariantGroup section */

/* Begin XCBuildConfiguration section */
		1A82DE681D1CC43B0008224D /* Debug */ = {
			isa = XCBuildConfiguration;
			buildSettings = {
				ALWAYS_SEARCH_USER_PATHS = NO;
				CLANG_ANALYZER_NONNULL = YES;
				CLANG_CXX_LANGUAGE_STANDARD = "gnu++0x";
				CLANG_CXX_LIBRARY = "libc++";
				CLANG_ENABLE_MODULES = YES;
				CLANG_ENABLE_OBJC_ARC = YES;
				CLANG_WARN_BOOL_CONVERSION = YES;
				CLANG_WARN_CONSTANT_CONVERSION = YES;
				CLANG_WARN_DIRECT_OBJC_ISA_USAGE = YES_ERROR;
				CLANG_WARN_EMPTY_BODY = YES;
				CLANG_WARN_ENUM_CONVERSION = YES;
				CLANG_WARN_INT_CONVERSION = YES;
				CLANG_WARN_OBJC_ROOT_CLASS = YES_ERROR;
				CLANG_WARN_UNREACHABLE_CODE = YES;
				CLANG_WARN__DUPLICATE_METHOD_MATCH = YES;
				"CODE_SIGN_IDENTITY[sdk=iphoneos*]" = "iPhone Developer";
				COPY_PHASE_STRIP = NO;
				DEBUG_INFORMATION_FORMAT = dwarf;
				ENABLE_STRICT_OBJC_MSGSEND = YES;
				ENABLE_TESTABILITY = YES;
				GCC_C_LANGUAGE_STANDARD = gnu99;
				GCC_DYNAMIC_NO_PIC = NO;
				GCC_NO_COMMON_BLOCKS = YES;
				GCC_OPTIMIZATION_LEVEL = 0;
				GCC_PREPROCESSOR_DEFINITIONS = (
					"DEBUG=1",
					"$(inherited)",
				);
				GCC_WARN_64_TO_32_BIT_CONVERSION = YES;
				GCC_WARN_ABOUT_RETURN_TYPE = YES_ERROR;
				GCC_WARN_UNDECLARED_SELECTOR = YES;
				GCC_WARN_UNINITIALIZED_AUTOS = YES_AGGRESSIVE;
				GCC_WARN_UNUSED_FUNCTION = YES;
				GCC_WARN_UNUSED_VARIABLE = YES;
				IPHONEOS_DEPLOYMENT_TARGET = 9.3;
				MTL_ENABLE_DEBUG_INFO = YES;
				ONLY_ACTIVE_ARCH = YES;
				SDKROOT = iphoneos;
				SWIFT_OPTIMIZATION_LEVEL = "-Onone";
				TARGETED_DEVICE_FAMILY = "1,2";
			};
			name = Debug;
		};
		1A82DE691D1CC43B0008224D /* Release */ = {
			isa = XCBuildConfiguration;
			buildSettings = {
				ALWAYS_SEARCH_USER_PATHS = NO;
				CLANG_ANALYZER_NONNULL = YES;
				CLANG_CXX_LANGUAGE_STANDARD = "gnu++0x";
				CLANG_CXX_LIBRARY = "libc++";
				CLANG_ENABLE_MODULES = YES;
				CLANG_ENABLE_OBJC_ARC = YES;
				CLANG_WARN_BOOL_CONVERSION = YES;
				CLANG_WARN_CONSTANT_CONVERSION = YES;
				CLANG_WARN_DIRECT_OBJC_ISA_USAGE = YES_ERROR;
				CLANG_WARN_EMPTY_BODY = YES;
				CLANG_WARN_ENUM_CONVERSION = YES;
				CLANG_WARN_INT_CONVERSION = YES;
				CLANG_WARN_OBJC_ROOT_CLASS = YES_ERROR;
				CLANG_WARN_UNREACHABLE_CODE = YES;
				CLANG_WARN__DUPLICATE_METHOD_MATCH = YES;
				"CODE_SIGN_IDENTITY[sdk=iphoneos*]" = "iPhone Developer";
				COPY_PHASE_STRIP = NO;
				DEBUG_INFORMATION_FORMAT = "dwarf-with-dsym";
				ENABLE_NS_ASSERTIONS = NO;
				ENABLE_STRICT_OBJC_MSGSEND = YES;
				GCC_C_LANGUAGE_STANDARD = gnu99;
				GCC_NO_COMMON_BLOCKS = YES;
				GCC_WARN_64_TO_32_BIT_CONVERSION = YES;
				GCC_WARN_ABOUT_RETURN_TYPE = YES_ERROR;
				GCC_WARN_UNDECLARED_SELECTOR = YES;
				GCC_WARN_UNINITIALIZED_AUTOS = YES_AGGRESSIVE;
				GCC_WARN_UNUSED_FUNCTION = YES;
				GCC_WARN_UNUSED_VARIABLE = YES;
				IPHONEOS_DEPLOYMENT_TARGET = 9.3;
				MTL_ENABLE_DEBUG_INFO = NO;
				SDKROOT = iphoneos;
				TARGETED_DEVICE_FAMILY = "1,2";
				VALIDATE_PRODUCT = YES;
			};
			name = Release;
		};
		1A82DE6B1D1CC43B0008224D /* Debug */ = {
			isa = XCBuildConfiguration;
			buildSettings = {
				ASSETCATALOG_COMPILER_APPICON_NAME = AppIcon;
				CODE_SIGN_IDENTITY = "iPhone Developer";
				INFOPLIST_FILE = Tessellations/Info.plist;
				LD_RUNPATH_SEARCH_PATHS = "$(inherited) @executable_path/Frameworks";
				PRODUCT_BUNDLE_IDENTIFIER = jamesnlinnell.Tessellations;
				PRODUCT_NAME = "$(TARGET_NAME)";
			};
			name = Debug;
		};
		1A82DE6C1D1CC43B0008224D /* Release */ = {
			isa = XCBuildConfiguration;
			buildSettings = {
				ASSETCATALOG_COMPILER_APPICON_NAME = AppIcon;
				CODE_SIGN_IDENTITY = "iPhone Developer";
				INFOPLIST_FILE = Tessellations/Info.plist;
				LD_RUNPATH_SEARCH_PATHS = "$(inherited) @executable_path/Frameworks";
				PRODUCT_BUNDLE_IDENTIFIER = jamesnlinnell.Tessellations;
				PRODUCT_NAME = "$(TARGET_NAME)";
			};
			name = Release;
		};
		1A82DE6E1D1CC43B0008224D /* Debug */ = {
			isa = XCBuildConfiguration;
			buildSettings = {
				BUNDLE_LOADER = "$(TEST_HOST)";
				INFOPLIST_FILE = TessellationsTests/Info.plist;
				LD_RUNPATH_SEARCH_PATHS = "$(inherited) @executable_path/Frameworks @loader_path/Frameworks";
				PRODUCT_BUNDLE_IDENTIFIER = jamesnlinnell.TessellationsTests;
				PRODUCT_NAME = "$(TARGET_NAME)";
				TEST_HOST = "$(BUILT_PRODUCTS_DIR)/Tessellations.app/Tessellations";
			};
			name = Debug;
		};
		1A82DE6F1D1CC43B0008224D /* Release */ = {
			isa = XCBuildConfiguration;
			buildSettings = {
				BUNDLE_LOADER = "$(TEST_HOST)";
				INFOPLIST_FILE = TessellationsTests/Info.plist;
				LD_RUNPATH_SEARCH_PATHS = "$(inherited) @executable_path/Frameworks @loader_path/Frameworks";
				PRODUCT_BUNDLE_IDENTIFIER = jamesnlinnell.TessellationsTests;
				PRODUCT_NAME = "$(TARGET_NAME)";
				TEST_HOST = "$(BUILT_PRODUCTS_DIR)/Tessellations.app/Tessellations";
			};
			name = Release;
		};
		1A82DE711D1CC43B0008224D /* Debug */ = {
			isa = XCBuildConfiguration;
			buildSettings = {
				INFOPLIST_FILE = TessellationsUITests/Info.plist;
				LD_RUNPATH_SEARCH_PATHS = "$(inherited) @executable_path/Frameworks @loader_path/Frameworks";
				PRODUCT_BUNDLE_IDENTIFIER = jamesnlinnell.TessellationsUITests;
				PRODUCT_NAME = "$(TARGET_NAME)";
				TEST_TARGET_NAME = Tessellations;
			};
			name = Debug;
		};
		1A82DE721D1CC43B0008224D /* Release */ = {
			isa = XCBuildConfiguration;
			buildSettings = {
				INFOPLIST_FILE = TessellationsUITests/Info.plist;
				LD_RUNPATH_SEARCH_PATHS = "$(inherited) @executable_path/Frameworks @loader_path/Frameworks";
				PRODUCT_BUNDLE_IDENTIFIER = jamesnlinnell.TessellationsUITests;
				PRODUCT_NAME = "$(TARGET_NAME)";
				TEST_TARGET_NAME = Tessellations;
			};
			name = Release;
		};
/* End XCBuildConfiguration section */

/* Begin XCConfigurationList section */
		1A82DE3D1D1CC43B0008224D /* Build configuration list for PBXProject "Tessellations" */ = {
			isa = XCConfigurationList;
			buildConfigurations = (
				1A82DE681D1CC43B0008224D /* Debug */,
				1A82DE691D1CC43B0008224D /* Release */,
			);
			defaultConfigurationIsVisible = 0;
			defaultConfigurationName = Release;
		};
		1A82DE6A1D1CC43B0008224D /* Build configuration list for PBXNativeTarget "Tessellations" */ = {
			isa = XCConfigurationList;
			buildConfigurations = (
				1A82DE6B1D1CC43B0008224D /* Debug */,
				1A82DE6C1D1CC43B0008224D /* Release */,
			);
			defaultConfigurationIsVisible = 0;
			defaultConfigurationName = Release;
		};
		1A82DE6D1D1CC43B0008224D /* Build configuration list for PBXNativeTarget "TessellationsTests" */ = {
			isa = XCConfigurationList;
			buildConfigurations = (
				1A82DE6E1D1CC43B0008224D /* Debug */,
				1A82DE6F1D1CC43B0008224D /* Release */,
			);
			defaultConfigurationIsVisible = 0;
			defaultConfigurationName = Release;
		};
		1A82DE701D1CC43B0008224D /* Build configuration list for PBXNativeTarget "TessellationsUITests" */ = {
			isa = XCConfigurationList;
			buildConfigurations = (
				1A82DE711D1CC43B0008224D /* Debug */,
				1A82DE721D1CC43B0008224D /* Release */,
			);
			defaultConfigurationIsVisible = 0;
			defaultConfigurationName = Release;
		};
/* End XCConfigurationList section */
	};
	rootObject = 1A82DE3A1D1CC43B0008224D /* Project object */;
}
